
Microsoft Visual Studio Solution File, Format Version 12.00
# Visual Studio Version 17
VisualStudioVersion = 17.11.35017.193
MinimumVisualStudioVersion = 10.0.40219.1
Project("{FAE04EC0-301F-11D3-BF4B-00C04F79EFBC}") = "TasksLab.Web", "TasksLab.Web\TasksLab.Web.csproj", "{297A53F4-B8B4-442D-8C46-9781E941DD04}"
EndProject
Project("{2150E333-8FDC-42A3-9474-1A3956D46DE8}") = "HTTP", "HTTP", "{1C8AEDE4-1849-4CE3-97A7-A77DF38ACB0B}"
	ProjectSection(SolutionItems) = preProject
		test.http = test.http
	EndProjectSection
EndProject
Project("{FAE04EC0-301F-11D3-BF4B-00C04F79EFBC}") = "TasksLab.Data", "TasksLab.Data\TasksLab.Data.csproj", "{77BC089C-7E48-4451-8CC4-BD8309ECBE0C}"
EndProject
Global
	GlobalSection(SolutionConfigurationPlatforms) = preSolution
		Debug|Any CPU = Debug|Any CPU
		Release|Any CPU = Release|Any CPU
	EndGlobalSection
	GlobalSection(ProjectConfigurationPlatforms) = postSolution
		{297A53F4-B8B4-442D-8C46-9781E941DD04}.Debug|Any CPU.ActiveCfg = Debug|Any CPU
		{297A53F4-B8B4-442D-8C46-9781E941DD04}.Debug|Any CPU.Build.0 = Debug|Any CPU
		{297A53F4-B8B4-442D-8C46-9781E941DD04}.Release|Any CPU.ActiveCfg = Release|Any CPU
		{297A53F4-B8B4-442D-8C46-9781E941DD04}.Release|Any CPU.Build.0 = Release|Any CPU
		{77BC089C-7E48-4451-8CC4-BD8309ECBE0C}.Debug|Any CPU.ActiveCfg = Debug|Any CPU
		{77BC089C-7E48-4451-8CC4-BD8309ECBE0C}.Debug|Any CPU.Build.0 = Debug|Any CPU
		{77BC089C-7E48-4451-8CC4-BD8309ECBE0C}.Release|Any CPU.ActiveCfg = Release|Any CPU
		{77BC089C-7E48-4451-8CC4-BD8309ECBE0C}.Release|Any CPU.Build.0 = Release|Any CPU
	EndGlobalSection
	GlobalSection(SolutionProperties) = preSolution
		HideSolutionNode = FALSE
	EndGlobalSection
	GlobalSection(ExtensibilityGlobals) = postSolution
		SolutionGuid = {FAE6A912-DCBC-41FA-98C9-02FA6634D363}
	EndGlobalSection
EndGlobal
